
Microsoft Visual Studio Solution File, Format Version 12.00
# Visual Studio Version 17
VisualStudioVersion = 17.2.32630.192
MinimumVisualStudioVersion = 10.0.40219.1
Project("{FAE04EC0-301F-11D3-BF4B-00C04F79EFBC}") = "yt-dlp_Interface", "yt-dlp_Interface\yt-dlp_Interface.csproj", "{C8AF721F-8475-48F2-81BC-D6620B3D9BCA}"
EndProject
Global
	GlobalSection(SolutionConfigurationPlatforms) = preSolution
		Debug|Any CPU = Debug|Any CPU
		Release|Any CPU = Release|Any CPU
	EndGlobalSection
	GlobalSection(ProjectConfigurationPlatforms) = postSolution
		{C8AF721F-8475-48F2-81BC-D6620B3D9BCA}.Debug|Any CPU.ActiveCfg = Debug|Any CPU
		{C8AF721F-8475-48F2-81BC-D6620B3D9BCA}.Debug|Any CPU.Build.0 = Debug|Any CPU
		{C8AF721F-8475-48F2-81BC-D6620B3D9BCA}.Release|Any CPU.ActiveCfg = Release|Any CPU
		{C8AF721F-8475-48F2-81BC-D6620B3D9BCA}.Release|Any CPU.Build.0 = Release|Any CPU
	EndGlobalSection
	GlobalSection(SolutionProperties) = preSolution
		HideSolutionNode = FALSE
	EndGlobalSection
	GlobalSection(ExtensibilityGlobals) = postSolution
		SolutionGuid = {62FFC11F-42BE-42F3-B007-0994DACFA3D2}
	EndGlobalSection
EndGlobal
